
Microsoft Visual Studio Solution File, Format Version 12.00
# Visual Studio 15
VisualStudioVersion = 15.0.28307.421
MinimumVisualStudioVersion = 10.0.40219.1
Project("{FAE04EC0-301F-11D3-BF4B-00C04F79EFBC}") = "Album Collection", "Album Collection.csproj", "{80F0C333-E243-4E8B-A712-972EC9C52031}"
EndProject
Global
	GlobalSection(SolutionConfigurationPlatforms) = preSolution
		Debug|Any CPU = Debug|Any CPU
		Release|Any CPU = Release|Any CPU
	EndGlobalSection
	GlobalSection(ProjectConfigurationPlatforms) = postSolution
		{80F0C333-E243-4E8B-A712-972EC9C52031}.Debug|Any CPU.ActiveCfg = Debug|Any CPU
		{80F0C333-E243-4E8B-A712-972EC9C52031}.Debug|Any CPU.Build.0 = Debug|Any CPU
		{80F0C333-E243-4E8B-A712-972EC9C52031}.Release|Any CPU.ActiveCfg = Release|Any CPU
		{80F0C333-E243-4E8B-A712-972EC9C52031}.Release|Any CPU.Build.0 = Release|Any CPU
	EndGlobalSection
	GlobalSection(SolutionProperties) = preSolution
		HideSolutionNode = FALSE
	EndGlobalSection
	GlobalSection(ExtensibilityGlobals) = postSolution
		SolutionGuid = {2030F236-2181-4A9A-A28F-41BAC0FA4C54}
	EndGlobalSection
EndGlobal
